{
  "name": "@ygunayer/improv",
  "version": "0.1.0",
  "lockfileVersion": 1,
  "requires": true,
  "dependencies": {
    "@types/node": {
      "version": "12.7.11",
      "resolved": "https://registry.npmjs.org/@types/node/-/node-12.7.11.tgz",
      "integrity": "sha512-Otxmr2rrZLKRYIybtdG/sgeO+tHY20GxeDjcGmUnmmlCWyEnv2a2x1ZXBo3BTec4OiTXMQCiazB8NMBf0iRlFw=="
    },
    "@ygunayer/patmat": {
      "version": "0.1.2",
      "resolved": "https://registry.npmjs.org/@ygunayer/patmat/-/patmat-0.1.2.tgz",
      "integrity": "sha512-Kq0Uum9z3qARaO1RChuAvVbp97EL00oYdhbCZbACKgrC1ax+j242CUCoQ7ap7njLl73uNsXP/v+hqDsPkeZWfQ==",
      "requires": {
        "@types/node": "12.11.1",
        "lodash": "4.17.15"
      },
      "dependencies": {
        "@types/node": {
          "version": "12.11.1",
          "resolved": "https://registry.npmjs.org/@types/node/-/node-12.11.1.tgz",
          "integrity": "sha512-TJtwsqZ39pqcljJpajeoofYRfeZ7/I/OMUQ5pR4q5wOKf2ocrUvBAZUMhWsOvKx3dVc/aaV5GluBivt0sWqA5A=="
        }
      }
    },
    "lodash": {
      "version": "4.17.15",
      "resolved": "https://registry.npmjs.org/lodash/-/lodash-4.17.15.tgz",
      "integrity": "sha512-8xOcRHvCjnocdS5cpwXQXVzmmh5e5+saE2QGoeQmbKmRS6J3VQppPOIt0MnmE+4xlZoumy0GPG0D0MVIQbNA1A=="
    },
    "nanoid": {
      "version": "2.1.2",
      "resolved": "https://registry.npmjs.org/nanoid/-/nanoid-2.1.2.tgz",
      "integrity": "sha512-q0iKJHcLc9rZg/qtJ/ioG5s6/5357bqvkYCpqXJxpcyfK7L5us8+uJllZosqPWou7l6E1lY2Qqoq5ce+AMbFuQ=="
    },
    "typescript": {
      "version": "3.6.4",
      "resolved": "https://registry.npmjs.org/typescript/-/typescript-3.6.4.tgz",
      "integrity": "sha512-unoCll1+l+YK4i4F8f22TaNVPRHcD9PA3yCuZ8g5e0qGqlVlJ/8FSateOLLSagn+Yg5+ZwuPkL8LFUc0Jcvksg==",
      "dev": true
    }
  }
}
